// !$*UTF8*$!
{
	archiveVersion = 1;
	classes = {
	};
	objectVersion = 51;
	objects = {

/* Begin PBXBuildFile section */
		C2412D0B245311640047F2A3 /* AppDelegate.swift in Sources */ = {isa = PBXBuildFile; fileRef = C2412D0A245311640047F2A3 /* AppDelegate.swift */; };
		C2412D0D245311640047F2A3 /* SceneDelegate.swift in Sources */ = {isa = PBXBuildFile; fileRef = C2412D0C245311640047F2A3 /* SceneDelegate.swift */; };
		C2412D0F245311640047F2A3 /* ContentView.swift in Sources */ = {isa = PBXBuildFile; fileRef = C2412D0E245311640047F2A3 /* ContentView.swift */; };
		C2412D11245311670047F2A3 /* Assets.xcassets in Resources */ = {isa = PBXBuildFile; fileRef = C2412D10245311670047F2A3 /* Assets.xcassets */; };
		C2412D14245311670047F2A3 /* Preview Assets.xcassets in Resources */ = {isa = PBXBuildFile; fileRef = C2412D13245311670047F2A3 /* Preview Assets.xcassets */; };
		C2412D17245311670047F2A3 /* LaunchScreen.storyboard in Resources */ = {isa = PBXBuildFile; fileRef = C2412D15245311670047F2A3 /* LaunchScreen.storyboard */; };
		C290406D245A970F00B94C8A /* MapView.swift in Sources */ = {isa = PBXBuildFile; fileRef = C290406C245A970F00B94C8A /* MapView.swift */; };
		C290406F245A975400B94C8A /* Home.swift in Sources */ = {isa = PBXBuildFile; fileRef = C290406E245A975400B94C8A /* Home.swift */; };
		C2904071245A97B900B94C8A /* Loader.swift in Sources */ = {isa = PBXBuildFile; fileRef = C2904070245A97B900B94C8A /* Loader.swift */; };
		C2904073245A97E700B94C8A /* BookedView.swift in Sources */ = {isa = PBXBuildFile; fileRef = C2904072245A97E700B94C8A /* BookedView.swift */; };
		C2EA47102456A879008DA783 /* GoogleService-Info.plist in Resources */ = {isa = PBXBuildFile; fileRef = C2EA470F2456A879008DA783 /* GoogleService-Info.plist */; };
		F9878B7C591E07FAB57CFB75 /* Pods_UberClone.framework in Frameworks */ = {isa = PBXBuildFile; fileRef = A55F9B29577C903A7421B15B /* Pods_UberClone.framework */; };
/* End PBXBuildFile section */

/* Begin PBXFileReference section */
		616C36D33853E8C577A52AED /* Pods-UberClone.release.xcconfig */ = {isa = PBXFileReference; includeInIndex = 1; lastKnownFileType = text.xcconfig; name = "Pods-UberClone.release.xcconfig"; path = "Target Support Files/Pods-UberClone/Pods-UberClone.release.xcconfig"; sourceTree = "<group>"; };
		A55F9B29577C903A7421B15B /* Pods_UberClone.framework */ = {isa = PBXFileReference; explicitFileType = wrapper.framework; includeInIndex = 0; path = Pods_UberClone.framework; sourceTree = BUILT_PRODUCTS_DIR; };
		C2412D07245311640047F2A3 /* UberClone.app */ = {isa = PBXFileReference; explicitFileType = wrapper.application; includeInIndex = 0; path = UberClone.app; sourceTree = BUILT_PRODUCTS_DIR; };
		C2412D0A245311640047F2A3 /* AppDelegate.swift */ = {isa = PBXFileReference; lastKnownFileType = sourcecode.swift; path = AppDelegate.swift; sourceTree = "<group>"; };
		C2412D0C245311640047F2A3 /* SceneDelegate.swift */ = {isa = PBXFileReference; lastKnownFileType = sourcecode.swift; path = SceneDelegate.swift; sourceTree = "<group>"; };
		C2412D0E245311640047F2A3 /* ContentView.swift */ = {isa = PBXFileReference; lastKnownFileType = sourcecode.swift; path = ContentView.swift; sourceTree = "<group>"; };
		C2412D10245311670047F2A3 /* Assets.xcassets */ = {isa = PBXFileReference; lastKnownFileType = folder.assetcatalog; path = Assets.xcassets; sourceTree = "<group>"; };
		C2412D13245311670047F2A3 /* Preview Assets.xcassets */ = {isa = PBXFileReference; lastKnownFileType = folder.assetcatalog; path = "Preview Assets.xcassets"; sourceTree = "<group>"; };
		C2412D16245311670047F2A3 /* Base */ = {isa = PBXFileReference; lastKnownFileType = file.storyboard; name = Base; path = Base.lproj/LaunchScreen.storyboard; sourceTree = "<group>"; };
		C2412D18245311670047F2A3 /* Info.plist */ = {isa = PBXFileReference; lastKnownFileType = text.plist.xml; path = Info.plist; sourceTree = "<group>"; };
		C290406C245A970F00B94C8A /* MapView.swift */ = {isa = PBXFileReference; lastKnownFileType = sourcecode.swift; path = MapView.swift; sourceTree = "<group>"; };
		C290406E245A975400B94C8A /* Home.swift */ = {isa = PBXFileReference; lastKnownFileType = sourcecode.swift; path = Home.swift; sourceTree = "<group>"; };
		C2904070245A97B900B94C8A /* Loader.swift */ = {isa = PBXFileReference; lastKnownFileType = sourcecode.swift; path = Loader.swift; sourceTree = "<group>"; };
		C2904072245A97E700B94C8A /* BookedView.swift */ = {isa = PBXFileReference; lastKnownFileType = sourcecode.swift; path = BookedView.swift; sourceTree = "<group>"; };
		C2EA470F2456A879008DA783 /* GoogleService-Info.plist */ = {isa = PBXFileReference; fileEncoding = 4; lastKnownFileType = text.plist.xml; path = "GoogleService-Info.plist"; sourceTree = "<group>"; };
		F644AE5942030E0C050F8D23 /* Pods-UberClone.debug.xcconfig */ = {isa = PBXFileReference; includeInIndex = 1; lastKnownFileType = text.xcconfig; name = "Pods-UberClone.debug.xcconfig"; path = "Target Support Files/Pods-UberClone/Pods-UberClone.debug.xcconfig"; sourceTree = "<group>"; };
/* End PBXFileReference section */

/* Begin PBXFrameworksBuildPhase section */
		C2412D04245311640047F2A3 /* Frameworks */ = {
			isa = PBXFrameworksBuildPhase;
			buildActionMask = 2147483647;
			files = (
				F9878B7C591E07FAB57CFB75 /* Pods_UberClone.framework in Frameworks */,
			);
			runOnlyForDeploymentPostprocessing = 0;
		};
/* End PBXFrameworksBuildPhase section */

/* Begin PBXGroup section */
		0B23B59A4420C18CFD41BB68 /* Frameworks */ = {
			isa = PBXGroup;
			children = (
				A55F9B29577C903A7421B15B /* Pods_UberClone.framework */,
			);
			name = Frameworks;
			sourceTree = "<group>";
		};
		9E22C4D3C67A3375A88AF43E /* Pods */ = {
			isa = PBXGroup;
			children = (
				F644AE5942030E0C050F8D23 /* Pods-UberClone.debug.xcconfig */,
				616C36D33853E8C577A52AED /* Pods-UberClone.release.xcconfig */,
			);
			path = Pods;
			sourceTree = "<group>";
		};
		C2412CFE245311640047F2A3 = {
			isa = PBXGroup;
			children = (
				C2412D09245311640047F2A3 /* UberClone */,
				C2412D08245311640047F2A3 /* Products */,
				9E22C4D3C67A3375A88AF43E /* Pods */,
				0B23B59A4420C18CFD41BB68 /* Frameworks */,
			);
			sourceTree = "<group>";
		};
		C2412D08245311640047F2A3 /* Products */ = {
			isa = PBXGroup;
			children = (
				C2412D07245311640047F2A3 /* UberClone.app */,
			);
			name = Products;
			sourceTree = "<group>";
		};
		C2412D09245311640047F2A3 /* UberClone */ = {
			isa = PBXGroup;
			children = (
				C290406B245A96F600B94C8A /* Swift UI */,
				C2412D0A245311640047F2A3 /* AppDelegate.swift */,
				C2412D0C245311640047F2A3 /* SceneDelegate.swift */,
				C2412D0E245311640047F2A3 /* ContentView.swift */,
				C2EA470F2456A879008DA783 /* GoogleService-Info.plist */,
				C2412D10245311670047F2A3 /* Assets.xcassets */,
				C2412D15245311670047F2A3 /* LaunchScreen.storyboard */,
				C2412D18245311670047F2A3 /* Info.plist */,
				C2412D12245311670047F2A3 /* Preview Content */,
			);
			path = UberClone;
			sourceTree = "<group>";
		};
		C2412D12245311670047F2A3 /* Preview Content */ = {
			isa = PBXGroup;
			children = (
				C2412D13245311670047F2A3 /* Preview Assets.xcassets */,
			);
			path = "Preview Content";
			sourceTree = "<group>";
		};
		C290406B245A96F600B94C8A /* Swift UI */ = {
			isa = PBXGroup;
			children = (
				C290406C245A970F00B94C8A /* MapView.swift */,
				C290406E245A975400B94C8A /* Home.swift */,
				C2904070245A97B900B94C8A /* Loader.swift */,
				C2904072245A97E700B94C8A /* BookedView.swift */,
			);
			path = "Swift UI";
			sourceTree = "<group>";
		};
/* End PBXGroup section */

/* Begin PBXNativeTarget section */
		C2412D06245311640047F2A3 /* UberClone */ = {
			isa = PBXNativeTarget;
			buildConfigurationList = C2412D1B245311670047F2A3 /* Build configuration list for PBXNativeTarget "UberClone" */;
			buildPhases = (
				0619EC3C274583AB926E52F9 /* [CP] Check Pods Manifest.lock */,
				C2412D03245311640047F2A3 /* Sources */,
				C2412D04245311640047F2A3 /* Frameworks */,
				C2412D05245311640047F2A3 /* Resources */,
				68CE0D3897F882D83C75EE99 /* [CP] Embed Pods Frameworks */,
			);
			buildRules = (
			);
			dependencies = (
			);
			name = UberClone;
			productName = UberClone;
			productReference = C2412D07245311640047F2A3 /* UberClone.app */;
			productType = "com.apple.product-type.application";
		};
/* End PBXNativeTarget section */

/* Begin PBXProject section */
		C2412CFF245311640047F2A3 /* Project object */ = {
			isa = PBXProject;
			attributes = {
				LastSwiftUpdateCheck = 1130;
				LastUpgradeCheck = 1130;
				ORGANIZATIONNAME = "Chirag's";
				TargetAttributes = {
					C2412D06245311640047F2A3 = {
						CreatedOnToolsVersion = 11.3.1;
					};
				};
			};
			buildConfigurationList = C2412D02245311640047F2A3 /* Build configuration list for PBXProject "UberClone" */;
			compatibilityVersion = "Xcode 9.3";
			developmentRegion = en;
			hasScannedForEncodings = 0;
			knownRegions = (
				en,
				Base,
			);
			mainGroup = C2412CFE245311640047F2A3;
			productRefGroup = C2412D08245311640047F2A3 /* Products */;
			projectDirPath = "";
			projectRoot = "";
			targets = (
				C2412D06245311640047F2A3 /* UberClone */,
			);
		};
/* End PBXProject section */

/* Begin PBXResourcesBuildPhase section */
		C2412D05245311640047F2A3 /* Resources */ = {
			isa = PBXResourcesBuildPhase;
			buildActionMask = 2147483647;
			files = (
				C2412D17245311670047F2A3 /* LaunchScreen.storyboard in Resources */,
				C2EA47102456A879008DA783 /* GoogleService-Info.plist in Resources */,
				C2412D14245311670047F2A3 /* Preview Assets.xcassets in Resources */,
				C2412D11245311670047F2A3 /* Assets.xcassets in Resources */,
			);
			runOnlyForDeploymentPostprocessing = 0;
		};
/* End PBXResourcesBuildPhase section */

/* Begin PBXShellScriptBuildPhase section */
		0619EC3C274583AB926E52F9 /* [CP] Check Pods Manifest.lock */ = {
			isa = PBXShellScriptBuildPhase;
			buildActionMask = 2147483647;
			files = (
			);
			inputFileListPaths = (
			);
			inputPaths = (
				"${PODS_PODFILE_DIR_PATH}/Podfile.lock",
				"${PODS_ROOT}/Manifest.lock",
			);
			name = "[CP] Check Pods Manifest.lock";
			outputFileListPaths = (
			);
			outputPaths = (
				"$(DERIVED_FILE_DIR)/Pods-UberClone-checkManifestLockResult.txt",
			);
			runOnlyForDeploymentPostprocessing = 0;
			shellPath = /bin/sh;
			shellScript = "diff \"${PODS_PODFILE_DIR_PATH}/Podfile.lock\" \"${PODS_ROOT}/Manifest.lock\" > /dev/null\nif [ $? != 0 ] ; then\n    # print error to STDERR\n    echo \"error: The sandbox is not in sync with the Podfile.lock. Run 'pod install' or update your CocoaPods installation.\" >&2\n    exit 1\nfi\n# This output is used by Xcode 'outputs' to avoid re-running this script phase.\necho \"SUCCESS\" > \"${SCRIPT_OUTPUT_FILE_0}\"\n";
			showEnvVarsInLog = 0;
		};
		68CE0D3897F882D83C75EE99 /* [CP] Embed Pods Frameworks */ = {
			isa = PBXShellScriptBuildPhase;
			buildActionMask = 2147483647;
			files = (
			);
			inputFileListPaths = (
				"${PODS_ROOT}/Target Support Files/Pods-UberClone/Pods-UberClone-frameworks-${CONFIGURATION}-input-files.xcfilelist",
			);
			name = "[CP] Embed Pods Frameworks";
			outputFileListPaths = (
				"${PODS_ROOT}/Target Support Files/Pods-UberClone/Pods-UberClone-frameworks-${CONFIGURATION}-output-files.xcfilelist",
			);
			runOnlyForDeploymentPostprocessing = 0;
			shellPath = /bin/sh;
			shellScript = "\"${PODS_ROOT}/Target Support Files/Pods-UberClone/Pods-UberClone-frameworks.sh\"\n";
			showEnvVarsInLog = 0;
		};
/* End PBXShellScriptBuildPhase section */

/* Begin PBXSourcesBuildPhase section */
		C2412D03245311640047F2A3 /* Sources */ = {
			isa = PBXSourcesBuildPhase;
			buildActionMask = 2147483647;
			files = (
				C2412D0B245311640047F2A3 /* AppDelegate.swift in Sources */,
				C290406D245A970F00B94C8A /* MapView.swift in Sources */,
				C2904073245A97E700B94C8A /* BookedView.swift in Sources */,
				C2904071245A97B900B94C8A /* Loader.swift in Sources */,
				C290406F245A975400B94C8A /* Home.swift in Sources */,
				C2412D0D245311640047F2A3 /* SceneDelegate.swift in Sources */,
				C2412D0F245311640047F2A3 /* ContentView.swift in Sources */,
			);
			runOnlyForDeploymentPostprocessing = 0;
		};
/* End PBXSourcesBuildPhase section */

/* Begin PBXVariantGroup section */
		C2412D15245311670047F2A3 /* LaunchScreen.storyboard */ = {
			isa = PBXVariantGroup;
			children = (
				C2412D16245311670047F2A3 /* Base */,
			);
			name = LaunchScreen.storyboard;
			sourceTree = "<group>";
		};
/* End PBXVariantGroup section */

/* Begin XCBuildConfiguration section */
		C2412D19245311670047F2A3 /* Debug */ = {
			isa = XCBuildConfiguration;
			buildSettings = {
				ALWAYS_SEARCH_USER_PATHS = NO;
				CLANG_ANALYZER_NONNULL = YES;
				CLANG_ANALYZER_NUMBER_OBJECT_CONVERSION = YES_AGGRESSIVE;
				CLANG_CXX_LANGUAGE_STANDARD = "gnu++14";
				CLANG_CXX_LIBRARY = "libc++";
				CLANG_ENABLE_MODULES = YES;
				CLANG_ENABLE_OBJC_ARC = YES;
				CLANG_ENABLE_OBJC_WEAK = YES;
				CLANG_WARN_BLOCK_CAPTURE_AUTORELEASING = YES;
				CLANG_WARN_BOOL_CONVERSION = YES;
				CLANG_WARN_COMMA = YES;
				CLANG_WARN_CONSTANT_CONVERSION = YES;
				CLANG_WARN_DEPRECATED_OBJC_IMPLEMENTATIONS = YES;
				CLANG_WARN_DIRECT_OBJC_ISA_USAGE = YES_ERROR;
				CLANG_WARN_DOCUMENTATION_COMMENTS = YES;
				CLANG_WARN_EMPTY_BODY = YES;
				CLANG_WARN_ENUM_CONVERSION = YES;
				CLANG_WARN_INFINITE_RECURSION = YES;
				CLANG_WARN_INT_CONVERSION = YES;
				CLANG_WARN_NON_LITERAL_NULL_CONVERSION = YES;
				CLANG_WARN_OBJC_IMPLICIT_RETAIN_SELF = YES;
				CLANG_WARN_OBJC_LITERAL_CONVERSION = YES;
				CLANG_WARN_OBJC_ROOT_CLASS = YES_ERROR;
				CLANG_WARN_RANGE_LOOP_ANALYSIS = YES;
				CLANG_WARN_STRICT_PROTOTYPES = YES;
				CLANG_WARN_SUSPICIOUS_MOVE = YES;
				CLANG_WARN_UNGUARDED_AVAILABILITY = YES_AGGRESSIVE;
				CLANG_WARN_UNREACHABLE_CODE = YES;
				CLANG_WARN__DUPLICATE_METHOD_MATCH = YES;
				COPY_PHASE_STRIP = NO;
				DEBUG_INFORMATION_FORMAT = dwarf;
				ENABLE_STRICT_OBJC_MSGSEND = YES;
				ENABLE_TESTABILITY = YES;
				GCC_C_LANGUAGE_STANDARD = gnu11;
				GCC_DYNAMIC_NO_PIC = NO;
				GCC_NO_COMMON_BLOCKS = YES;
				GCC_OPTIMIZATION_LEVEL = 0;
				GCC_PREPROCESSOR_DEFINITIONS = (
					"DEBUG=1",
					"$(inherited)",
				);
				GCC_WARN_64_TO_32_BIT_CONVERSION = YES;
				GCC_WARN_ABOUT_RETURN_TYPE = YES_ERROR;
				GCC_WARN_UNDECLARED_SELECTOR = YES;
				GCC_WARN_UNINITIALIZED_AUTOS = YES_AGGRESSIVE;
				GCC_WARN_UNUSED_FUNCTION = YES;
				GCC_WARN_UNUSED_VARIABLE = YES;
				IPHONEOS_DEPLOYMENT_TARGET = 13.2;
				MTL_ENABLE_DEBUG_INFO = INCLUDE_SOURCE;
				MTL_FAST_MATH = YES;
				ONLY_ACTIVE_ARCH = YES;
				SDKROOT = iphoneos;
				SWIFT_ACTIVE_COMPILATION_CONDITIONS = DEBUG;
				SWIFT_OPTIMIZATION_LEVEL = "-Onone";
			};
			name = Debug;
		};
		C2412D1A245311670047F2A3 /* Release */ = {
			isa = XCBuildConfiguration;
			buildSettings = {
				ALWAYS_SEARCH_USER_PATHS = NO;
				CLANG_ANALYZER_NONNULL = YES;
				CLANG_ANALYZER_NUMBER_OBJECT_CONVERSION = YES_AGGRESSIVE;
				CLANG_CXX_LANGUAGE_STANDARD = "gnu++14";
				CLANG_CXX_LIBRARY = "libc++";
				CLANG_ENABLE_MODULES = YES;
				CLANG_ENABLE_OBJC_ARC = YES;
				CLANG_ENABLE_OBJC_WEAK = YES;
				CLANG_WARN_BLOCK_CAPTURE_AUTORELEASING = YES;
				CLANG_WARN_BOOL_CONVERSION = YES;
				CLANG_WARN_COMMA = YES;
				CLANG_WARN_CONSTANT_CONVERSION = YES;
				CLANG_WARN_DEPRECATED_OBJC_IMPLEMENTATIONS = YES;
				CLANG_WARN_DIRECT_OBJC_ISA_USAGE = YES_ERROR;
				CLANG_WARN_DOCUMENTATION_COMMENTS = YES;
				CLANG_WARN_EMPTY_BODY = YES;
				CLANG_WARN_ENUM_CONVERSION = YES;
				CLANG_WARN_INFINITE_RECURSION = YES;
				CLANG_WARN_INT_CONVERSION = YES;
				CLANG_WARN_NON_LITERAL_NULL_CONVERSION = YES;
				CLANG_WARN_OBJC_IMPLICIT_RETAIN_SELF = YES;
				CLANG_WARN_OBJC_LITERAL_CONVERSION = YES;
				CLANG_WARN_OBJC_ROOT_CLASS = YES_ERROR;
				CLANG_WARN_RANGE_LOOP_ANALYSIS = YES;
				CLANG_WARN_STRICT_PROTOTYPES = YES;
				CLANG_WARN_SUSPICIOUS_MOVE = YES;
				CLANG_WARN_UNGUARDED_AVAILABILITY = YES_AGGRESSIVE;
				CLANG_WARN_UNREACHABLE_CODE = YES;
				CLANG_WARN__DUPLICATE_METHOD_MATCH = YES;
				COPY_PHASE_STRIP = NO;
				DEBUG_INFORMATION_FORMAT = "dwarf-with-dsym";
				ENABLE_NS_ASSERTIONS = NO;
				ENABLE_STRICT_OBJC_MSGSEND = YES;
				GCC_C_LANGUAGE_STANDARD = gnu11;
				GCC_NO_COMMON_BLOCKS = YES;
				GCC_WARN_64_TO_32_BIT_CONVERSION = YES;
				GCC_WARN_ABOUT_RETURN_TYPE = YES_ERROR;
				GCC_WARN_UNDECLARED_SELECTOR = YES;
				GCC_WARN_UNINITIALIZED_AUTOS = YES_AGGRESSIVE;
				GCC_WARN_UNUSED_FUNCTION = YES;
				GCC_WARN_UNUSED_VARIABLE = YES;
				IPHONEOS_DEPLOYMENT_TARGET = 13.2;
				MTL_ENABLE_DEBUG_INFO = NO;
				MTL_FAST_MATH = YES;
				SDKROOT = iphoneos;
				SWIFT_COMPILATION_MODE = wholemodule;
				SWIFT_OPTIMIZATION_LEVEL = "-O";
				VALIDATE_PRODUCT = YES;
			};
			name = Release;
		};
		C2412D1C245311670047F2A3 /* Debug */ = {
			isa = XCBuildConfiguration;
			baseConfigurationReference = F644AE5942030E0C050F8D23 /* Pods-UberClone.debug.xcconfig */;
			buildSettings = {
				ASSETCATALOG_COMPILER_APPICON_NAME = AppIcon;
				CODE_SIGN_STYLE = Automatic;
				DEVELOPMENT_ASSET_PATHS = "\"UberClone/Preview Content\"";
				DEVELOPMENT_TEAM = NM3JR62C9P;
				ENABLE_PREVIEWS = YES;
				INFOPLIST_FILE = UberClone/Info.plist;
				LD_RUNPATH_SEARCH_PATHS = (
					"$(inherited)",
					"@executable_path/Frameworks",
				);
				PRODUCT_BUNDLE_IDENTIFIER = com.eryushion.UberClone;
				PRODUCT_NAME = "$(TARGET_NAME)";
				SWIFT_VERSION = 5.0;
				TARGETED_DEVICE_FAMILY = "1,2";
			};
			name = Debug;
		};
		C2412D1D245311670047F2A3 /* Release */ = {
			isa = XCBuildConfiguration;
			baseConfigurationReference = 616C36D33853E8C577A52AED /* Pods-UberClone.release.xcconfig */;
			buildSettings = {
				ASSETCATALOG_COMPILER_APPICON_NAME = AppIcon;
				CODE_SIGN_STYLE = Automatic;
				DEVELOPMENT_ASSET_PATHS = "\"UberClone/Preview Content\"";
				DEVELOPMENT_TEAM = NM3JR62C9P;
				ENABLE_PREVIEWS = YES;
				INFOPLIST_FILE = UberClone/Info.plist;
				LD_RUNPATH_SEARCH_PATHS = (
					"$(inherited)",
					"@executable_path/Frameworks",
				);
				PRODUCT_BUNDLE_IDENTIFIER = com.eryushion.UberClone;
				PRODUCT_NAME = "$(TARGET_NAME)";
				SWIFT_VERSION = 5.0;
				TARGETED_DEVICE_FAMILY = "1,2";
			};
			name = Release;
		};
/* End XCBuildConfiguration section */

/* Begin XCConfigurationList section */
		C2412D02245311640047F2A3 /* Build configuration list for PBXProject "UberClone" */ = {
			isa = XCConfigurationList;
			buildConfigurations = (
				C2412D19245311670047F2A3 /* Debug */,
				C2412D1A245311670047F2A3 /* Release */,
			);
			defaultConfigurationIsVisible = 0;
			defaultConfigurationName = Release;
		};
		C2412D1B245311670047F2A3 /* Build configuration list for PBXNativeTarget "UberClone" */ = {
			isa = XCConfigurationList;
			buildConfigurations = (
				C2412D1C245311670047F2A3 /* Debug */,
				C2412D1D245311670047F2A3 /* Release */,
			);
			defaultConfigurationIsVisible = 0;
			defaultConfigurationName = Release;
		};
/* End XCConfigurationList section */
	};
	rootObject = C2412CFF245311640047F2A3 /* Project object */;
}
